
Microsoft Visual Studio Solution File, Format Version 12.00
# Visual Studio Version 17
VisualStudioVersion = 17.14.36109.1
MinimumVisualStudioVersion = 10.0.40219.1
Project("{9A19103F-16F7-4668-BE54-9A1E7A4F7556}") = "SmokingCessationSupportPlatform.Web", "SmokingCessationSupportPlatform\SmokingCessationSupportPlatform.Web.csproj", "{E5013F56-162E-498D-BFBB-1BA167621C69}"
EndProject
Project("{9A19103F-16F7-4668-BE54-9A1E7A4F7556}") = "SmokingCessationSupportPlatform.BusinessObjects", "SmokingCessationSupportPlatform.BusinessObjects\SmokingCessationSupportPlatform.BusinessObjects.csproj", "{C3AE3D0D-ACA4-43F6-B7D4-C590A6703DC2}"
EndProject
Project("{9A19103F-16F7-4668-BE54-9A1E7A4F7556}") = "SmokingCessationSupportPlatform.DataAccessObjects", "SmokingCessationSupportPlatform.DataAccessObjects\SmokingCessationSupportPlatform.DataAccessObjects.csproj", "{B48BA1B0-1E4C-4BD0-8B9C-58DF37C4F154}"
EndProject
Project("{9A19103F-16F7-4668-BE54-9A1E7A4F7556}") = "SmokingCessationSupportPlatform.Repositories", "SmokingCessationSupportPlatform.Repositories\SmokingCessationSupportPlatform.Repositories.csproj", "{D7B7462E-F48B-4363-B45B-CF2F0DBE403D}"
EndProject
Project("{9A19103F-16F7-4668-BE54-9A1E7A4F7556}") = "SmokingCessationSupportPlatform.Services", "SmokingCessationSupportPlatform.Services\SmokingCessationSupportPlatform.Services.csproj", "{B9537C15-FE7B-4401-B17B-4C2BDC77D719}"
EndProject
Global
	GlobalSection(SolutionConfigurationPlatforms) = preSolution
		Debug|Any CPU = Debug|Any CPU
		Release|Any CPU = Release|Any CPU
	EndGlobalSection
	GlobalSection(ProjectConfigurationPlatforms) = postSolution
		{E5013F56-162E-498D-BFBB-1BA167621C69}.Debug|Any CPU.ActiveCfg = Debug|Any CPU
		{E5013F56-162E-498D-BFBB-1BA167621C69}.Debug|Any CPU.Build.0 = Debug|Any CPU
		{E5013F56-162E-498D-BFBB-1BA167621C69}.Release|Any CPU.ActiveCfg = Release|Any CPU
		{E5013F56-162E-498D-BFBB-1BA167621C69}.Release|Any CPU.Build.0 = Release|Any CPU
		{C3AE3D0D-ACA4-43F6-B7D4-C590A6703DC2}.Debug|Any CPU.ActiveCfg = Debug|Any CPU
		{C3AE3D0D-ACA4-43F6-B7D4-C590A6703DC2}.Debug|Any CPU.Build.0 = Debug|Any CPU
		{C3AE3D0D-ACA4-43F6-B7D4-C590A6703DC2}.Release|Any CPU.ActiveCfg = Release|Any CPU
		{C3AE3D0D-ACA4-43F6-B7D4-C590A6703DC2}.Release|Any CPU.Build.0 = Release|Any CPU
		{B48BA1B0-1E4C-4BD0-8B9C-58DF37C4F154}.Debug|Any CPU.ActiveCfg = Debug|Any CPU
		{B48BA1B0-1E4C-4BD0-8B9C-58DF37C4F154}.Debug|Any CPU.Build.0 = Debug|Any CPU
		{B48BA1B0-1E4C-4BD0-8B9C-58DF37C4F154}.Release|Any CPU.ActiveCfg = Release|Any CPU
		{B48BA1B0-1E4C-4BD0-8B9C-58DF37C4F154}.Release|Any CPU.Build.0 = Release|Any CPU
		{D7B7462E-F48B-4363-B45B-CF2F0DBE403D}.Debug|Any CPU.ActiveCfg = Debug|Any CPU
		{D7B7462E-F48B-4363-B45B-CF2F0DBE403D}.Debug|Any CPU.Build.0 = Debug|Any CPU
		{D7B7462E-F48B-4363-B45B-CF2F0DBE403D}.Release|Any CPU.ActiveCfg = Release|Any CPU
		{D7B7462E-F48B-4363-B45B-CF2F0DBE403D}.Release|Any CPU.Build.0 = Release|Any CPU
		{B9537C15-FE7B-4401-B17B-4C2BDC77D719}.Debug|Any CPU.ActiveCfg = Debug|Any CPU
		{B9537C15-FE7B-4401-B17B-4C2BDC77D719}.Debug|Any CPU.Build.0 = Debug|Any CPU
		{B9537C15-FE7B-4401-B17B-4C2BDC77D719}.Release|Any CPU.ActiveCfg = Release|Any CPU
		{B9537C15-FE7B-4401-B17B-4C2BDC77D719}.Release|Any CPU.Build.0 = Release|Any CPU
	EndGlobalSection
	GlobalSection(SolutionProperties) = preSolution
		HideSolutionNode = FALSE
	EndGlobalSection
	GlobalSection(ExtensibilityGlobals) = postSolution
		SolutionGuid = {BE979575-33FF-4892-88FE-8CF0805A2DEC}
	EndGlobalSection
EndGlobal
